{
  "name": "@shapeshift-labs/frontier-lang-cli",
  "version": "0.1.0",
  "lockfileVersion": 3,
  "requires": true,
  "packages": {
    "": {
      "name": "@shapeshift-labs/frontier-lang-cli",
      "version": "0.1.0",
      "license": "MIT",
      "dependencies": {
        "@shapeshift-labs/frontier-lang-checker": "^0.1.0",
        "@shapeshift-labs/frontier-lang-kernel": "^0.1.0",
        "@shapeshift-labs/frontier-lang-parser": "^0.1.0",
        "@shapeshift-labs/frontier-lang-typescript": "^0.1.0"
      },
      "bin": {
        "frontier-lang": "dist/index.js"
      }
    },
    "node_modules/@shapeshift-labs/frontier-lang-checker": {
      "version": "0.1.0",
      "resolved": "https://registry.npmjs.org/@shapeshift-labs/frontier-lang-checker/-/frontier-lang-checker-0.1.0.tgz",
      "integrity": "sha512-pxv8mRq1oQMdlqStHEp8RRCN2vI42x9+SOLecDHuqqdAzvqtErAIC8JhI2Gc4UUFyZIiRzugq6hQsdY52YiJLw==",
      "license": "MIT",
      "dependencies": {
        "@shapeshift-labs/frontier-lang-kernel": "^0.1.0"
      }
    },
    "node_modules/@shapeshift-labs/frontier-lang-kernel": {
      "version": "0.1.1",
      "resolved": "https://registry.npmjs.org/@shapeshift-labs/frontier-lang-kernel/-/frontier-lang-kernel-0.1.1.tgz",
      "integrity": "sha512-qhkkgz8Vu0JX0+E++d82SCEshbocjmTg741BdbxC9k9Lvne6bCUAnWGrY2sr5jF1P6ANiOH7C121/L2NUD81Ag==",
      "license": "MIT"
    },
    "node_modules/@shapeshift-labs/frontier-lang-parser": {
      "version": "0.1.0",
      "resolved": "https://registry.npmjs.org/@shapeshift-labs/frontier-lang-parser/-/frontier-lang-parser-0.1.0.tgz",
      "integrity": "sha512-4uX8k9+6V9OOE4aREzz+R/YpxIQy+yJyFGpj3I7zX8SaQuqokEMk3ighbAtwzuJEkmChx9oyVgvRaOl6jHeXMQ==",
      "license": "MIT",
      "dependencies": {
        "@shapeshift-labs/frontier-lang-kernel": "^0.1.0"
      }
    },
    "node_modules/@shapeshift-labs/frontier-lang-typescript": {
      "version": "0.1.0",
      "resolved": "https://registry.npmjs.org/@shapeshift-labs/frontier-lang-typescript/-/frontier-lang-typescript-0.1.0.tgz",
      "integrity": "sha512-fxd7kLNC0KACh4qJtbrj1W/xYw51TBpZNq9HP0Rsi3LOjXhwrX12UuM4S8Oc1Rhg7pO3bIhShhcb7luuaEXAzw==",
      "license": "MIT",
      "dependencies": {
        "@shapeshift-labs/frontier-lang-kernel": "^0.1.0"
      }
    }
  }
}
